
Microsoft Visual Studio Solution File, Format Version 12.00
# Visual Studio Version 17
VisualStudioVersion = 17.1.32228.430
MinimumVisualStudioVersion = 10.0.40219.1
Project("{FAE04EC0-301F-11D3-BF4B-00C04F79EFBC}") = "PatikaDev.Odev1WebAPI", "PatikaDev.Odev1WebAPI\PatikaDev.Odev1WebAPI.csproj", "{59A038A5-3A5B-4625-86D0-9B89845FB940}"
EndProject
Global
	GlobalSection(SolutionConfigurationPlatforms) = preSolution
		Debug|Any CPU = Debug|Any CPU
		Release|Any CPU = Release|Any CPU
	EndGlobalSection
	GlobalSection(ProjectConfigurationPlatforms) = postSolution
		{59A038A5-3A5B-4625-86D0-9B89845FB940}.Debug|Any CPU.ActiveCfg = Debug|Any CPU
		{59A038A5-3A5B-4625-86D0-9B89845FB940}.Debug|Any CPU.Build.0 = Debug|Any CPU
		{59A038A5-3A5B-4625-86D0-9B89845FB940}.Release|Any CPU.ActiveCfg = Release|Any CPU
		{59A038A5-3A5B-4625-86D0-9B89845FB940}.Release|Any CPU.Build.0 = Release|Any CPU
	EndGlobalSection
	GlobalSection(SolutionProperties) = preSolution
		HideSolutionNode = FALSE
	EndGlobalSection
	GlobalSection(ExtensibilityGlobals) = postSolution
		SolutionGuid = {7EAD4997-F879-4E81-A40C-4B95BAC2B89A}
	EndGlobalSection
EndGlobal
